
Microsoft Visual Studio Solution File, Format Version 12.00
# Visual Studio Version 17
VisualStudioVersion = 17.10.34902.84
MinimumVisualStudioVersion = 10.0.40219.1
Project("{FAE04EC0-301F-11D3-BF4B-00C04F79EFBC}") = "Ocelot_gateway_api", "Ocelot_gateway_api\Ocelot_gateway_api.csproj", "{2ACDD7D4-EF31-493F-B626-4B02540DB096}"
EndProject
Project("{FAE04EC0-301F-11D3-BF4B-00C04F79EFBC}") = "Invoice_WebAPI", "Invoice_WebAPI\Invoice_WebAPI.csproj", "{65D7B46E-509B-4461-9B3D-819FAB17277C}"
EndProject
Project("{FAE04EC0-301F-11D3-BF4B-00C04F79EFBC}") = "LoadBalancerAPI", "LoadBalancerAPI\LoadBalancerAPI.csproj", "{C1E7F5A6-60A3-44E5-B49A-BAFF37180388}"
EndProject
Global
	GlobalSection(SolutionConfigurationPlatforms) = preSolution
		Debug|Any CPU = Debug|Any CPU
		Release|Any CPU = Release|Any CPU
	EndGlobalSection
	GlobalSection(ProjectConfigurationPlatforms) = postSolution
		{2ACDD7D4-EF31-493F-B626-4B02540DB096}.Debug|Any CPU.ActiveCfg = Debug|Any CPU
		{2ACDD7D4-EF31-493F-B626-4B02540DB096}.Debug|Any CPU.Build.0 = Debug|Any CPU
		{2ACDD7D4-EF31-493F-B626-4B02540DB096}.Release|Any CPU.ActiveCfg = Release|Any CPU
		{2ACDD7D4-EF31-493F-B626-4B02540DB096}.Release|Any CPU.Build.0 = Release|Any CPU
		{65D7B46E-509B-4461-9B3D-819FAB17277C}.Debug|Any CPU.ActiveCfg = Debug|Any CPU
		{65D7B46E-509B-4461-9B3D-819FAB17277C}.Debug|Any CPU.Build.0 = Debug|Any CPU
		{65D7B46E-509B-4461-9B3D-819FAB17277C}.Release|Any CPU.ActiveCfg = Release|Any CPU
		{65D7B46E-509B-4461-9B3D-819FAB17277C}.Release|Any CPU.Build.0 = Release|Any CPU
		{C1E7F5A6-60A3-44E5-B49A-BAFF37180388}.Debug|Any CPU.ActiveCfg = Debug|Any CPU
		{C1E7F5A6-60A3-44E5-B49A-BAFF37180388}.Debug|Any CPU.Build.0 = Debug|Any CPU
		{C1E7F5A6-60A3-44E5-B49A-BAFF37180388}.Release|Any CPU.ActiveCfg = Release|Any CPU
		{C1E7F5A6-60A3-44E5-B49A-BAFF37180388}.Release|Any CPU.Build.0 = Release|Any CPU
	EndGlobalSection
	GlobalSection(SolutionProperties) = preSolution
		HideSolutionNode = FALSE
	EndGlobalSection
	GlobalSection(ExtensibilityGlobals) = postSolution
		SolutionGuid = {1025F852-47C3-40CF-9CFD-F039708B0148}
	EndGlobalSection
EndGlobal
